
Microsoft Visual Studio Solution File, Format Version 12.00
# Visual Studio Version 17
VisualStudioVersion = 17.10.35004.147
MinimumVisualStudioVersion = 10.0.40219.1
Project("{8BC9CEB8-8B4A-11D0-8D11-00A0C91BC942}") = "bai11_InSoChan", "bai11_InSoChan.vcxproj", "{D3BABBA6-4D21-4B88-AE4F-AD4AA1B58D6A}"
EndProject
Global
	GlobalSection(SolutionConfigurationPlatforms) = preSolution
		Debug|x64 = Debug|x64
		Debug|x86 = Debug|x86
		Release|x64 = Release|x64
		Release|x86 = Release|x86
	EndGlobalSection
	GlobalSection(ProjectConfigurationPlatforms) = postSolution
		{D3BABBA6-4D21-4B88-AE4F-AD4AA1B58D6A}.Debug|x64.ActiveCfg = Debug|x64
		{D3BABBA6-4D21-4B88-AE4F-AD4AA1B58D6A}.Debug|x64.Build.0 = Debug|x64
		{D3BABBA6-4D21-4B88-AE4F-AD4AA1B58D6A}.Debug|x86.ActiveCfg = Debug|Win32
		{D3BABBA6-4D21-4B88-AE4F-AD4AA1B58D6A}.Debug|x86.Build.0 = Debug|Win32
		{D3BABBA6-4D21-4B88-AE4F-AD4AA1B58D6A}.Release|x64.ActiveCfg = Release|x64
		{D3BABBA6-4D21-4B88-AE4F-AD4AA1B58D6A}.Release|x64.Build.0 = Release|x64
		{D3BABBA6-4D21-4B88-AE4F-AD4AA1B58D6A}.Release|x86.ActiveCfg = Release|Win32
		{D3BABBA6-4D21-4B88-AE4F-AD4AA1B58D6A}.Release|x86.Build.0 = Release|Win32
	EndGlobalSection
	GlobalSection(SolutionProperties) = preSolution
		HideSolutionNode = FALSE
	EndGlobalSection
	GlobalSection(ExtensibilityGlobals) = postSolution
		SolutionGuid = {5CDC58B2-F719-434B-B7EC-3B1423AB263D}
	EndGlobalSection
EndGlobal
